
Microsoft Visual Studio Solution File, Format Version 12.00
# Visual Studio Version 17
VisualStudioVersion = 17.3.32901.215
MinimumVisualStudioVersion = 10.0.40219.1
Project("{8BC9CEB8-8B4A-11D0-8D11-00A0C91BC942}") = "HelloWorld", "HelloWorld\HelloWorld.vcxproj", "{89DE6212-E431-4EB3-ADB5-31D953EDEACD}"
EndProject
Global
	GlobalSection(SolutionConfigurationPlatforms) = preSolution
		Debug|x64 = Debug|x64
		Debug|x86 = Debug|x86
		Release|x64 = Release|x64
		Release|x86 = Release|x86
	EndGlobalSection
	GlobalSection(ProjectConfigurationPlatforms) = postSolution
		{89DE6212-E431-4EB3-ADB5-31D953EDEACD}.Debug|x64.ActiveCfg = Debug|x64
		{89DE6212-E431-4EB3-ADB5-31D953EDEACD}.Debug|x64.Build.0 = Debug|x64
		{89DE6212-E431-4EB3-ADB5-31D953EDEACD}.Debug|x86.ActiveCfg = Debug|Win32
		{89DE6212-E431-4EB3-ADB5-31D953EDEACD}.Debug|x86.Build.0 = Debug|Win32
		{89DE6212-E431-4EB3-ADB5-31D953EDEACD}.Release|x64.ActiveCfg = Release|x64
		{89DE6212-E431-4EB3-ADB5-31D953EDEACD}.Release|x64.Build.0 = Release|x64
		{89DE6212-E431-4EB3-ADB5-31D953EDEACD}.Release|x86.ActiveCfg = Release|Win32
		{89DE6212-E431-4EB3-ADB5-31D953EDEACD}.Release|x86.Build.0 = Release|Win32
	EndGlobalSection
	GlobalSection(SolutionProperties) = preSolution
		HideSolutionNode = FALSE
	EndGlobalSection
	GlobalSection(ExtensibilityGlobals) = postSolution
		SolutionGuid = {0422EECD-1E4F-4706-8CEF-3E8C5C3F9BD1}
	EndGlobalSection
EndGlobal
